<Solution>
  <Configurations>
    <Platform Name="x64" />
    <Platform Name="x86" />
  </Configurations>
  <Project Path="Assignment0/Assignment0.vcxproj" Id="b3d87bbf-bb9e-40f3-9a99-c25fe6b50fdc" />
  <Project Path="Assignment1/Assignment1.vcxproj" Id="8d214adf-3f15-4785-a73f-91cb162d9ea3" />
</Solution>
